
Microsoft Visual Studio Solution File, Format Version 12.00
# Visual Studio 15
VisualStudioVersion = 15.0.28307.421
MinimumVisualStudioVersion = 10.0.40219.1
Project("{FAE04EC0-301F-11D3-BF4B-00C04F79EFBC}") = "네트워크전송클래스(StreamWriter)", "네트워크전송클래스(StreamWriter)\네트워크전송클래스(StreamWriter).csproj", "{EF5205C6-6221-4C8B-884A-7F8760ED6744}"
EndProject
Global
	GlobalSection(SolutionConfigurationPlatforms) = preSolution
		Debug|Any CPU = Debug|Any CPU
		Release|Any CPU = Release|Any CPU
	EndGlobalSection
	GlobalSection(ProjectConfigurationPlatforms) = postSolution
		{EF5205C6-6221-4C8B-884A-7F8760ED6744}.Debug|Any CPU.ActiveCfg = Debug|Any CPU
		{EF5205C6-6221-4C8B-884A-7F8760ED6744}.Debug|Any CPU.Build.0 = Debug|Any CPU
		{EF5205C6-6221-4C8B-884A-7F8760ED6744}.Release|Any CPU.ActiveCfg = Release|Any CPU
		{EF5205C6-6221-4C8B-884A-7F8760ED6744}.Release|Any CPU.Build.0 = Release|Any CPU
	EndGlobalSection
	GlobalSection(SolutionProperties) = preSolution
		HideSolutionNode = FALSE
	EndGlobalSection
	GlobalSection(ExtensibilityGlobals) = postSolution
		SolutionGuid = {4BA870EF-5256-4FF1-9D7F-8924AEDA8F15}
	EndGlobalSection
EndGlobal
