
Microsoft Visual Studio Solution File, Format Version 12.00
# Visual Studio 15
VisualStudioVersion = 15.0.28307.421
MinimumVisualStudioVersion = 10.0.40219.1
Project("{FAE04EC0-301F-11D3-BF4B-00C04F79EFBC}") = "네트워크연결클래스(TCP.start,stop)", "네트워크연결클래스(TCP.start,stop)\네트워크연결클래스(TCP.start,stop).csproj", "{2DF85C4F-3CAD-4575-B33C-4AAE242A947E}"
EndProject
Global
	GlobalSection(SolutionConfigurationPlatforms) = preSolution
		Debug|Any CPU = Debug|Any CPU
		Release|Any CPU = Release|Any CPU
	EndGlobalSection
	GlobalSection(ProjectConfigurationPlatforms) = postSolution
		{2DF85C4F-3CAD-4575-B33C-4AAE242A947E}.Debug|Any CPU.ActiveCfg = Debug|Any CPU
		{2DF85C4F-3CAD-4575-B33C-4AAE242A947E}.Debug|Any CPU.Build.0 = Debug|Any CPU
		{2DF85C4F-3CAD-4575-B33C-4AAE242A947E}.Release|Any CPU.ActiveCfg = Release|Any CPU
		{2DF85C4F-3CAD-4575-B33C-4AAE242A947E}.Release|Any CPU.Build.0 = Release|Any CPU
	EndGlobalSection
	GlobalSection(SolutionProperties) = preSolution
		HideSolutionNode = FALSE
	EndGlobalSection
	GlobalSection(ExtensibilityGlobals) = postSolution
		SolutionGuid = {4A250D9C-2994-40ED-880E-CF1E5F3988BD}
	EndGlobalSection
EndGlobal
