
Microsoft Visual Studio Solution File, Format Version 12.00
# Visual Studio 15
VisualStudioVersion = 15.0.28307.421
MinimumVisualStudioVersion = 10.0.40219.1
Project("{FAE04EC0-301F-11D3-BF4B-00C04F79EFBC}") = "CurrentThread 속성다루기", "CurrentThread 속성다루기\CurrentThread 속성다루기.csproj", "{F1FB83B9-02C7-496B-A59B-411D8A4970ED}"
EndProject
Global
	GlobalSection(SolutionConfigurationPlatforms) = preSolution
		Debug|Any CPU = Debug|Any CPU
		Release|Any CPU = Release|Any CPU
	EndGlobalSection
	GlobalSection(ProjectConfigurationPlatforms) = postSolution
		{F1FB83B9-02C7-496B-A59B-411D8A4970ED}.Debug|Any CPU.ActiveCfg = Debug|Any CPU
		{F1FB83B9-02C7-496B-A59B-411D8A4970ED}.Debug|Any CPU.Build.0 = Debug|Any CPU
		{F1FB83B9-02C7-496B-A59B-411D8A4970ED}.Release|Any CPU.ActiveCfg = Release|Any CPU
		{F1FB83B9-02C7-496B-A59B-411D8A4970ED}.Release|Any CPU.Build.0 = Release|Any CPU
	EndGlobalSection
	GlobalSection(SolutionProperties) = preSolution
		HideSolutionNode = FALSE
	EndGlobalSection
	GlobalSection(ExtensibilityGlobals) = postSolution
		SolutionGuid = {E1FCCEB2-6637-4F84-B5E0-6696500FB103}
	EndGlobalSection
EndGlobal
