
Microsoft Visual Studio Solution File, Format Version 12.00
# Visual Studio 15
VisualStudioVersion = 15.0.28307.421
MinimumVisualStudioVersion = 10.0.40219.1
Project("{FAE04EC0-301F-11D3-BF4B-00C04F79EFBC}") = "동기화(모니터)", "동기화(모니터)\동기화(모니터).csproj", "{B02AF0EF-CA7A-40F6-A6B5-93555927DA26}"
EndProject
Global
	GlobalSection(SolutionConfigurationPlatforms) = preSolution
		Debug|Any CPU = Debug|Any CPU
		Release|Any CPU = Release|Any CPU
	EndGlobalSection
	GlobalSection(ProjectConfigurationPlatforms) = postSolution
		{B02AF0EF-CA7A-40F6-A6B5-93555927DA26}.Debug|Any CPU.ActiveCfg = Debug|Any CPU
		{B02AF0EF-CA7A-40F6-A6B5-93555927DA26}.Debug|Any CPU.Build.0 = Debug|Any CPU
		{B02AF0EF-CA7A-40F6-A6B5-93555927DA26}.Release|Any CPU.ActiveCfg = Release|Any CPU
		{B02AF0EF-CA7A-40F6-A6B5-93555927DA26}.Release|Any CPU.Build.0 = Release|Any CPU
	EndGlobalSection
	GlobalSection(SolutionProperties) = preSolution
		HideSolutionNode = FALSE
	EndGlobalSection
	GlobalSection(ExtensibilityGlobals) = postSolution
		SolutionGuid = {D57AFB84-5E8E-410C-A8A9-8889E3B33002}
	EndGlobalSection
EndGlobal
